<?xml version="1.0" encoding="utf-8"?>
<Project ToolsVersion="16.0" xmlns="http://schemas.microsoft.com/developer/msbuild/2003">
  <ItemGroup>
    <ClCompile Include="D:\Homework\INF585 - Computer Animation\code_inf585\code_inf585\library\cgp\base\basic_types\basic_types.cpp">
      <Filter>cgp\base\basic_types</Filter>
    </ClCompile>
    <ClCompile Include="D:\Homework\INF585 - Computer Animation\code_inf585\code_inf585\library\cgp\base\error\error.cpp">
      <Filter>cgp\base\error</Filter>
    </ClCompile>
    <ClCompile Include="D:\Homework\INF585 - Computer Animation\code_inf585\code_inf585\library\cgp\base\rand\rand.cpp">
      <Filter>cgp\base\rand</Filter>
    </ClCompile>
    <ClCompile Include="D:\Homework\INF585 - Computer Animation\code_inf585\code_inf585\library\cgp\base\string\string.cpp">
      <Filter>cgp\base\string</Filter>
    </ClCompile>
    <ClCompile Include="D:\Homework\INF585 - Computer Animation\code_inf585\code_inf585\library\cgp\containers\buffer\test\test_buffer.cpp">
      <Filter>cgp\containers\buffer\test</Filter>
    </ClCompile>
    <ClCompile Include="D:\Homework\INF585 - Computer Animation\code_inf585\code_inf585\library\cgp\containers\buffer_stack\special_types\special_types.cpp">
      <Filter>cgp\containers\buffer_stack\special_types</Filter>
    </ClCompile>
    <ClCompile Include="D:\Homework\INF585 - Computer Animation\code_inf585\code_inf585\library\cgp\containers\buffer_stack\test\test_buffer_stack.cpp">
      <Filter>cgp\containers\buffer_stack\test</Filter>
    </ClCompile>
    <ClCompile Include="D:\Homework\INF585 - Computer Animation\code_inf585\code_inf585\library\cgp\containers\grid\test\test_grid.cpp">
      <Filter>cgp\containers\grid\test</Filter>
    </ClCompile>
    <ClCompile Include="D:\Homework\INF585 - Computer Animation\code_inf585\code_inf585\library\cgp\containers\grid_stack\grid_stack_2D\test\test_grid_stack_2D.cpp">
      <Filter>cgp\containers\grid_stack\grid_stack_2D\test</Filter>
    </ClCompile>
    <ClCompile Include="D:\Homework\INF585 - Computer Animation\code_inf585\code_inf585\library\cgp\containers\offset_grid\offset_grid.cpp">
      <Filter>cgp\containers\offset_grid</Filter>
    </ClCompile>
    <ClCompile Include="D:\Homework\INF585 - Computer Animation\code_inf585\code_inf585\library\cgp\display\drawable\curve_drawable\curve_drawable.cpp">
      <Filter>cgp\display\drawable\curve_drawable</Filter>
    </ClCompile>
    <ClCompile Include="D:\Homework\INF585 - Computer Animation\code_inf585\code_inf585\library\cgp\display\drawable\hierarchy_mesh_drawable\hierarchy_mesh_drawable.cpp">
      <Filter>cgp\display\drawable\hierarchy_mesh_drawable</Filter>
    </ClCompile>
    <ClCompile Include="D:\Homework\INF585 - Computer Animation\code_inf585\code_inf585\library\cgp\display\drawable\hierarchy_mesh_drawable\hierarchy_mesh_drawable_node\hierarchy_mesh_drawable_node.cpp">
      <Filter>cgp\display\drawable\hierarchy_mesh_drawable\hierarchy_mesh_drawable_node</Filter>
    </ClCompile>
    <ClCompile Include="D:\Homework\INF585 - Computer Animation\code_inf585\code_inf585\library\cgp\display\drawable\mesh_drawable\mesh_drawable.cpp">
      <Filter>cgp\display\drawable\mesh_drawable</Filter>
    </ClCompile>
    <ClCompile Include="D:\Homework\INF585 - Computer Animation\code_inf585\code_inf585\library\cgp\display\drawable\mesh_normal_drawable\mesh_normal_drawable.cpp">
      <Filter>cgp\display\drawable\mesh_normal_drawable</Filter>
    </ClCompile>
    <ClCompile Include="D:\Homework\INF585 - Computer Animation\code_inf585\code_inf585\library\cgp\display\drawable\mesh_wireframe_drawable\mesh_wireframe_drawable.cpp">
      <Filter>cgp\display\drawable\mesh_wireframe_drawable</Filter>
    </ClCompile>
    <ClCompile Include="D:\Homework\INF585 - Computer Animation\code_inf585\code_inf585\library\cgp\display\drawable\segments_drawable\segments_drawable.cpp">
      <Filter>cgp\display\drawable\segments_drawable</Filter>
    </ClCompile>
    <ClCompile Include="D:\Homework\INF585 - Computer Animation\code_inf585\code_inf585\library\cgp\display\drawable\shading_parameters\shading_parameters.cpp">
      <Filter>cgp\display\drawable\shading_parameters</Filter>
    </ClCompile>
    <ClCompile Include="D:\Homework\INF585 - Computer Animation\code_inf585\code_inf585\library\cgp\display\drawable\skybox_drawable\skybox_drawable.cpp">
      <Filter>cgp\display\drawable\skybox_drawable</Filter>
    </ClCompile>
    <ClCompile Include="D:\Homework\INF585 - Computer Animation\code_inf585\code_inf585\library\cgp\display\drawable\spatial_domain_grid_drawable\spatial_domain_grid_drawable.cpp">
      <Filter>cgp\display\drawable\spatial_domain_grid_drawable</Filter>
    </ClCompile>
    <ClCompile Include="D:\Homework\INF585 - Computer Animation\code_inf585\code_inf585\library\cgp\display\drawable\trajectory_drawable\trajectory_drawable.cpp">
      <Filter>cgp\display\drawable\trajectory_drawable</Filter>
    </ClCompile>
    <ClCompile Include="D:\Homework\INF585 - Computer Animation\code_inf585\code_inf585\library\cgp\display\drawable\triangle_soup_drawable\triangle_soup_drawable.cpp">
      <Filter>cgp\display\drawable\triangle_soup_drawable</Filter>
    </ClCompile>
    <ClCompile Include="D:\Homework\INF585 - Computer Animation\code_inf585\code_inf585\library\cgp\display\image\image.cpp">
      <Filter>cgp\display\image</Filter>
    </ClCompile>
    <ClCompile Include="D:\Homework\INF585 - Computer Animation\code_inf585\code_inf585\library\cgp\display\opengl\debug\debug.cpp">
      <Filter>cgp\display\opengl\debug</Filter>
    </ClCompile>
    <ClCompile Include="D:\Homework\INF585 - Computer Animation\code_inf585\code_inf585\library\cgp\display\opengl\helper\opengl_helper.cpp">
      <Filter>cgp\display\opengl\helper</Filter>
    </ClCompile>
    <ClCompile Include="D:\Homework\INF585 - Computer Animation\code_inf585\code_inf585\library\cgp\display\opengl\shaders\shaders.cpp">
      <Filter>cgp\display\opengl\shaders</Filter>
    </ClCompile>
    <ClCompile Include="D:\Homework\INF585 - Computer Animation\code_inf585\code_inf585\library\cgp\display\opengl\texture\texture.cpp">
      <Filter>cgp\display\opengl\texture</Filter>
    </ClCompile>
    <ClCompile Include="D:\Homework\INF585 - Computer Animation\code_inf585\code_inf585\library\cgp\display\opengl\uniform\uniform.cpp">
      <Filter>cgp\display\opengl\uniform</Filter>
    </ClCompile>
    <ClCompile Include="D:\Homework\INF585 - Computer Animation\code_inf585\code_inf585\library\cgp\display\window\window.cpp">
      <Filter>cgp\display\window</Filter>
    </ClCompile>
    <ClCompile Include="D:\Homework\INF585 - Computer Animation\code_inf585\code_inf585\library\cgp\files\files.cpp">
      <Filter>cgp\files</Filter>
    </ClCompile>
    <ClCompile Include="D:\Homework\INF585 - Computer Animation\code_inf585\code_inf585\library\cgp\helper_common_scene\helper\helper.cpp">
      <Filter>cgp\helper_common_scene\helper</Filter>
    </ClCompile>
    <ClCompile Include="D:\Homework\INF585 - Computer Animation\code_inf585\code_inf585\library\cgp\helper_common_scene\scene_environment_basic\scene_environment_basic.cpp">
      <Filter>cgp\helper_common_scene\scene_environment_basic</Filter>
    </ClCompile>
    <ClCompile Include="D:\Homework\INF585 - Computer Animation\code_inf585\code_inf585\library\cgp\interaction\camera\camera_around_center\camera_around_center.cpp">
      <Filter>cgp\interaction\camera\camera_around_center</Filter>
    </ClCompile>
    <ClCompile Include="D:\Homework\INF585 - Computer Animation\code_inf585\code_inf585\library\cgp\interaction\camera\camera_base\camera_base.cpp">
      <Filter>cgp\interaction\camera\camera_base</Filter>
    </ClCompile>
    <ClCompile Include="D:\Homework\INF585 - Computer Animation\code_inf585\code_inf585\library\cgp\interaction\camera\camera_head\camera_head.cpp">
      <Filter>cgp\interaction\camera\camera_head</Filter>
    </ClCompile>
    <ClCompile Include="D:\Homework\INF585 - Computer Animation\code_inf585\code_inf585\library\cgp\interaction\camera\camera_projection\camera_projection.cpp">
      <Filter>cgp\interaction\camera\camera_projection</Filter>
    </ClCompile>
    <ClCompile Include="D:\Homework\INF585 - Computer Animation\code_inf585\code_inf585\library\cgp\interaction\camera\camera_spherical_coordinates\camera_spherical_coordinates.cpp">
      <Filter>cgp\interaction\camera\camera_spherical_coordinates</Filter>
    </ClCompile>
    <ClCompile Include="D:\Homework\INF585 - Computer Animation\code_inf585\code_inf585\library\cgp\interaction\camera\common_functions\common_functions.cpp">
      <Filter>cgp\interaction\camera\common_functions</Filter>
    </ClCompile>
    <ClCompile Include="D:\Homework\INF585 - Computer Animation\code_inf585\code_inf585\library\cgp\interaction\camera_standard_behavior\camera_standard_behavior.cpp">
      <Filter>cgp\interaction\camera_standard_behavior</Filter>
    </ClCompile>
    <ClCompile Include="D:\Homework\INF585 - Computer Animation\code_inf585\code_inf585\library\cgp\interaction\glfw_inputs\glfw_inputs.cpp">
      <Filter>cgp\interaction\glfw_inputs</Filter>
    </ClCompile>
    <ClCompile Include="D:\Homework\INF585 - Computer Animation\code_inf585\code_inf585\library\cgp\interaction\gui\gui.cpp">
      <Filter>cgp\interaction\gui</Filter>
    </ClCompile>
    <ClCompile Include="D:\Homework\INF585 - Computer Animation\code_inf585\code_inf585\library\cgp\interaction\picking\picking_plane\picking_plane.cpp">
      <Filter>cgp\interaction\picking\picking_plane</Filter>
    </ClCompile>
    <ClCompile Include="D:\Homework\INF585 - Computer Animation\code_inf585\code_inf585\library\cgp\interaction\picking\picking_spheres\picking_spheres.cpp">
      <Filter>cgp\interaction\picking\picking_spheres</Filter>
    </ClCompile>
    <ClCompile Include="D:\Homework\INF585 - Computer Animation\code_inf585\code_inf585\library\cgp\interaction\picking\picking_structure\picking_structure.cpp">
      <Filter>cgp\interaction\picking\picking_structure</Filter>
    </ClCompile>
    <ClCompile Include="D:\Homework\INF585 - Computer Animation\code_inf585\code_inf585\library\cgp\interaction\timer\timer_basic\timer_basic.cpp">
      <Filter>cgp\interaction\timer\timer_basic</Filter>
    </ClCompile>
    <ClCompile Include="D:\Homework\INF585 - Computer Animation\code_inf585\code_inf585\library\cgp\interaction\timer\timer_event_periodic\timer_event_periodic.cpp">
      <Filter>cgp\interaction\timer\timer_event_periodic</Filter>
    </ClCompile>
    <ClCompile Include="D:\Homework\INF585 - Computer Animation\code_inf585\code_inf585\library\cgp\interaction\timer\timer_fps\timer_fps.cpp">
      <Filter>cgp\interaction\timer\timer_fps</Filter>
    </ClCompile>
    <ClCompile Include="D:\Homework\INF585 - Computer Animation\code_inf585\code_inf585\library\cgp\interaction\timer\timer_interval\timer_interval.cpp">
      <Filter>cgp\interaction\timer\timer_interval</Filter>
    </ClCompile>
    <ClCompile Include="D:\Homework\INF585 - Computer Animation\code_inf585\code_inf585\library\cgp\interaction\tracker\velocity_tracker\velocity_tracker.cpp">
      <Filter>cgp\interaction\tracker\velocity_tracker</Filter>
    </ClCompile>
    <ClCompile Include="D:\Homework\INF585 - Computer Animation\code_inf585\code_inf585\library\cgp\math\affine\affine_rt\affine_rt.cpp">
      <Filter>cgp\math\affine\affine_rt</Filter>
    </ClCompile>
    <ClCompile Include="D:\Homework\INF585 - Computer Animation\code_inf585\code_inf585\library\cgp\math\affine\affine_rts\affine_rts.cpp">
      <Filter>cgp\math\affine\affine_rts</Filter>
    </ClCompile>
    <ClCompile Include="D:\Homework\INF585 - Computer Animation\code_inf585\code_inf585\library\cgp\math\frame\frame.cpp">
      <Filter>cgp\math\frame</Filter>
    </ClCompile>
    <ClCompile Include="D:\Homework\INF585 - Computer Animation\code_inf585\code_inf585\library\cgp\math\interpolation\interpolation.cpp">
      <Filter>cgp\math\interpolation</Filter>
    </ClCompile>
    <ClCompile Include="D:\Homework\INF585 - Computer Animation\code_inf585\code_inf585\library\cgp\math\matrix\matrix_stack\special_types\definition\special_types.cpp">
      <Filter>cgp\math\matrix\matrix_stack\special_types\definition</Filter>
    </ClCompile>
    <ClCompile Include="D:\Homework\INF585 - Computer Animation\code_inf585\code_inf585\library\cgp\math\matrix\matrix_stack\special_types\mat4\mat4.cpp">
      <Filter>cgp\math\matrix\matrix_stack\special_types\mat4</Filter>
    </ClCompile>
    <ClCompile Include="D:\Homework\INF585 - Computer Animation\code_inf585\code_inf585\library\cgp\math\matrix\test\test_matrix_stack.cpp">
      <Filter>cgp\math\matrix\test</Filter>
    </ClCompile>
    <ClCompile Include="D:\Homework\INF585 - Computer Animation\code_inf585\code_inf585\library\cgp\math\projection\projection.cpp">
      <Filter>cgp\math\projection</Filter>
    </ClCompile>
    <ClCompile Include="D:\Homework\INF585 - Computer Animation\code_inf585\code_inf585\library\cgp\math\quaternion\quaternion.cpp">
      <Filter>cgp\math\quaternion</Filter>
    </ClCompile>
    <ClCompile Include="D:\Homework\INF585 - Computer Animation\code_inf585\code_inf585\library\cgp\math\rotation_transform\rotation_transform.cpp">
      <Filter>cgp\math\rotation_transform</Filter>
    </ClCompile>
    <ClCompile Include="D:\Homework\INF585 - Computer Animation\code_inf585\code_inf585\library\cgp\math\rotation_transform\test\test_rotation.cpp">
      <Filter>cgp\math\rotation_transform\test</Filter>
    </ClCompile>
    <ClCompile Include="D:\Homework\INF585 - Computer Animation\code_inf585\code_inf585\library\cgp\math\vec_mat\test\test_vec_mat.cpp">
      <Filter>cgp\math\vec_mat\test</Filter>
    </ClCompile>
    <ClCompile Include="D:\Homework\INF585 - Computer Animation\code_inf585\code_inf585\library\cgp\math\vec_mat\vec_mat.cpp">
      <Filter>cgp\math\vec_mat</Filter>
    </ClCompile>
    <ClCompile Include="D:\Homework\INF585 - Computer Animation\code_inf585\code_inf585\library\cgp\shape\curve\curve.cpp">
      <Filter>cgp\shape\curve</Filter>
    </ClCompile>
    <ClCompile Include="D:\Homework\INF585 - Computer Animation\code_inf585\code_inf585\library\cgp\shape\implicit\marching_cube\helper\marching_cubes_lut.cpp">
      <Filter>cgp\shape\implicit\marching_cube\helper</Filter>
    </ClCompile>
    <ClCompile Include="D:\Homework\INF585 - Computer Animation\code_inf585\code_inf585\library\cgp\shape\implicit\marching_cube\marching_cube.cpp">
      <Filter>cgp\shape\implicit\marching_cube</Filter>
    </ClCompile>
    <ClCompile Include="D:\Homework\INF585 - Computer Animation\code_inf585\code_inf585\library\cgp\shape\intersection\intersection.cpp">
      <Filter>cgp\shape\intersection</Filter>
    </ClCompile>
    <ClCompile Include="D:\Homework\INF585 - Computer Animation\code_inf585\code_inf585\library\cgp\shape\mesh\loader\obj\obj.cpp">
      <Filter>cgp\shape\mesh\loader\obj</Filter>
    </ClCompile>
    <ClCompile Include="D:\Homework\INF585 - Computer Animation\code_inf585\code_inf585\library\cgp\shape\mesh\primitive\mesh_primitive.cpp">
      <Filter>cgp\shape\mesh\primitive</Filter>
    </ClCompile>
    <ClCompile Include="D:\Homework\INF585 - Computer Animation\code_inf585\code_inf585\library\cgp\shape\mesh\structure\mesh.cpp">
      <Filter>cgp\shape\mesh\structure</Filter>
    </ClCompile>
    <ClCompile Include="D:\Homework\INF585 - Computer Animation\code_inf585\code_inf585\library\cgp\shape\noise\noise.cpp">
      <Filter>cgp\shape\noise</Filter>
    </ClCompile>
    <ClCompile Include="D:\Homework\INF585 - Computer Animation\code_inf585\code_inf585\library\cgp\shape\spatial_domain\spatial_domain_grid_3D\spatial_domain_grid_3D.cpp">
      <Filter>cgp\shape\spatial_domain\spatial_domain_grid_3D</Filter>
    </ClCompile>
    <ClCompile Include="D:\Homework\INF585 - Computer Animation\code_inf585\code_inf585\library\third_party\src\glad\src\glad.cpp">
      <Filter>third_party\src\glad\src</Filter>
    </ClCompile>
    <ClCompile Include="D:\Homework\INF585 - Computer Animation\code_inf585\code_inf585\library\third_party\src\imgui\imgui.cpp">
      <Filter>third_party\src\imgui</Filter>
    </ClCompile>
    <ClCompile Include="D:\Homework\INF585 - Computer Animation\code_inf585\code_inf585\library\third_party\src\imgui\imgui_demo.cpp">
      <Filter>third_party\src\imgui</Filter>
    </ClCompile>
    <ClCompile Include="D:\Homework\INF585 - Computer Animation\code_inf585\code_inf585\library\third_party\src\imgui\imgui_draw.cpp">
      <Filter>third_party\src\imgui</Filter>
    </ClCompile>
    <ClCompile Include="D:\Homework\INF585 - Computer Animation\code_inf585\code_inf585\library\third_party\src\imgui\imgui_impl_glfw.cpp">
      <Filter>third_party\src\imgui</Filter>
    </ClCompile>
    <ClCompile Include="D:\Homework\INF585 - Computer Animation\code_inf585\code_inf585\library\third_party\src\imgui\imgui_impl_opengl3.cpp">
      <Filter>third_party\src\imgui</Filter>
    </ClCompile>
    <ClCompile Include="D:\Homework\INF585 - Computer Animation\code_inf585\code_inf585\library\third_party\src\imgui\imgui_widgets.cpp">
      <Filter>third_party\src\imgui</Filter>
    </ClCompile>
    <ClCompile Include="D:\Homework\INF585 - Computer Animation\code_inf585\code_inf585\library\third_party\src\jpeg\jpgd.cpp">
      <Filter>third_party\src\jpeg</Filter>
    </ClCompile>
    <ClCompile Include="D:\Homework\INF585 - Computer Animation\code_inf585\code_inf585\library\third_party\src\jpeg\jpge.cpp">
      <Filter>third_party\src\jpeg</Filter>
    </ClCompile>
    <ClCompile Include="D:\Homework\INF585 - Computer Animation\code_inf585\code_inf585\library\third_party\src\lodepng\lodepng.cpp">
      <Filter>third_party\src\lodepng</Filter>
    </ClCompile>
    <ClCompile Include="D:\Homework\INF585 - Computer Animation\code_inf585\code_inf585\library\third_party\src\simplexnoise\simplexnoise1234.cpp">
      <Filter>third_party\src\simplexnoise</Filter>
    </ClCompile>
    <ClCompile Include="D:\Homework\INF585 - Computer Animation\code_inf585\code_inf585\scenes\inf585\08_cloth\src\cloth\cloth.cpp">
      <Filter>src\cloth</Filter>
    </ClCompile>
    <ClCompile Include="D:\Homework\INF585 - Computer Animation\code_inf585\code_inf585\scenes\inf585\08_cloth\src\constraint\constraint.cpp">
      <Filter>src\constraint</Filter>
    </ClCompile>
    <ClCompile Include="D:\Homework\INF585 - Computer Animation\code_inf585\code_inf585\scenes\inf585\08_cloth\src\main.cpp">
      <Filter>src</Filter>
    </ClCompile>
    <ClCompile Include="D:\Homework\INF585 - Computer Animation\code_inf585\code_inf585\scenes\inf585\08_cloth\src\scene.cpp">
      <Filter>src</Filter>
    </ClCompile>
    <ClCompile Include="D:\Homework\INF585 - Computer Animation\code_inf585\code_inf585\scenes\inf585\08_cloth\src\simulation\simulation.cpp">
      <Filter>src\simulation</Filter>
    </ClCompile>
  </ItemGroup>
  <ItemGroup>
    <ClInclude Include="D:\Homework\INF585 - Computer Animation\code_inf585\code_inf585\library\cgp\base\base.hpp">
      <Filter>cgp\base</Filter>
    </ClInclude>
    <ClInclude Include="D:\Homework\INF585 - Computer Animation\code_inf585\code_inf585\library\cgp\base\basic_types\basic_types.hpp">
      <Filter>cgp\base\basic_types</Filter>
    </ClInclude>
    <ClInclude Include="D:\Homework\INF585 - Computer Animation\code_inf585\code_inf585\library\cgp\base\error\error.hpp">
      <Filter>cgp\base\error</Filter>
    </ClInclude>
    <ClInclude Include="D:\Homework\INF585 - Computer Animation\code_inf585\code_inf585\library\cgp\base\rand\rand.hpp">
      <Filter>cgp\base\rand</Filter>
    </ClInclude>
    <ClInclude Include="D:\Homework\INF585 - Computer Animation\code_inf585\code_inf585\library\cgp\base\stl\stl.hpp">
      <Filter>cgp\base\stl</Filter>
    </ClInclude>
    <ClInclude Include="D:\Homework\INF585 - Computer Animation\code_inf585\code_inf585\library\cgp\base\string\string.hpp">
      <Filter>cgp\base\string</Filter>
    </ClInclude>
    <ClInclude Include="D:\Homework\INF585 - Computer Animation\code_inf585\code_inf585\library\cgp\base\types\types.hpp">
      <Filter>cgp\base\types</Filter>
    </ClInclude>
    <ClInclude Include="D:\Homework\INF585 - Computer Animation\code_inf585\code_inf585\library\cgp\cgp.hpp">
      <Filter>cgp</Filter>
    </ClInclude>
    <ClInclude Include="D:\Homework\INF585 - Computer Animation\code_inf585\code_inf585\library\cgp\containers\buffer\buffer.hpp">
      <Filter>cgp\containers\buffer</Filter>
    </ClInclude>
    <ClInclude Include="D:\Homework\INF585 - Computer Animation\code_inf585\code_inf585\library\cgp\containers\buffer\test\test_buffer.hpp">
      <Filter>cgp\containers\buffer\test</Filter>
    </ClInclude>
    <ClInclude Include="D:\Homework\INF585 - Computer Animation\code_inf585\code_inf585\library\cgp\containers\buffer_stack\buffer_stack.hpp">
      <Filter>cgp\containers\buffer_stack</Filter>
    </ClInclude>
    <ClInclude Include="D:\Homework\INF585 - Computer Animation\code_inf585\code_inf585\library\cgp\containers\buffer_stack\implementation\buffer_stack.hpp">
      <Filter>cgp\containers\buffer_stack\implementation</Filter>
    </ClInclude>
    <ClInclude Include="D:\Homework\INF585 - Computer Animation\code_inf585\code_inf585\library\cgp\containers\buffer_stack\implementation\buffer_stack2.hpp">
      <Filter>cgp\containers\buffer_stack\implementation</Filter>
    </ClInclude>
    <ClInclude Include="D:\Homework\INF585 - Computer Animation\code_inf585\code_inf585\library\cgp\containers\buffer_stack\implementation\buffer_stack3.hpp">
      <Filter>cgp\containers\buffer_stack\implementation</Filter>
    </ClInclude>
    <ClInclude Include="D:\Homework\INF585 - Computer Animation\code_inf585\code_inf585\library\cgp\containers\buffer_stack\implementation\buffer_stack4.hpp">
      <Filter>cgp\containers\buffer_stack\implementation</Filter>
    </ClInclude>
    <ClInclude Include="D:\Homework\INF585 - Computer Animation\code_inf585\code_inf585\library\cgp\containers\buffer_stack\special_types\special_types.hpp">
      <Filter>cgp\containers\buffer_stack\special_types</Filter>
    </ClInclude>
    <ClInclude Include="D:\Homework\INF585 - Computer Animation\code_inf585\code_inf585\library\cgp\containers\buffer_stack\test\test_buffer_stack.hpp">
      <Filter>cgp\containers\buffer_stack\test</Filter>
    </ClInclude>
    <ClInclude Include="D:\Homework\INF585 - Computer Animation\code_inf585\code_inf585\library\cgp\containers\containers.hpp">
      <Filter>cgp\containers</Filter>
    </ClInclude>
    <ClInclude Include="D:\Homework\INF585 - Computer Animation\code_inf585\code_inf585\library\cgp\containers\grid\grid.hpp">
      <Filter>cgp\containers\grid</Filter>
    </ClInclude>
    <ClInclude Include="D:\Homework\INF585 - Computer Animation\code_inf585\code_inf585\library\cgp\containers\grid\grid_2D\grid_2D.hpp">
      <Filter>cgp\containers\grid\grid_2D</Filter>
    </ClInclude>
    <ClInclude Include="D:\Homework\INF585 - Computer Animation\code_inf585\code_inf585\library\cgp\containers\grid\grid_3D\grid_3D.hpp">
      <Filter>cgp\containers\grid\grid_3D</Filter>
    </ClInclude>
    <ClInclude Include="D:\Homework\INF585 - Computer Animation\code_inf585\code_inf585\library\cgp\containers\grid\test\test_grid.hpp">
      <Filter>cgp\containers\grid\test</Filter>
    </ClInclude>
    <ClInclude Include="D:\Homework\INF585 - Computer Animation\code_inf585\code_inf585\library\cgp\containers\grid_stack\grid_stack.hpp">
      <Filter>cgp\containers\grid_stack</Filter>
    </ClInclude>
    <ClInclude Include="D:\Homework\INF585 - Computer Animation\code_inf585\code_inf585\library\cgp\containers\grid_stack\grid_stack_2D\grid_stack_2D.hpp">
      <Filter>cgp\containers\grid_stack\grid_stack_2D</Filter>
    </ClInclude>
    <ClInclude Include="D:\Homework\INF585 - Computer Animation\code_inf585\code_inf585\library\cgp\containers\grid_stack\grid_stack_2D\test\test_grid_stack_2D.hpp">
      <Filter>cgp\containers\grid_stack\grid_stack_2D\test</Filter>
    </ClInclude>
    <ClInclude Include="D:\Homework\INF585 - Computer Animation\code_inf585\code_inf585\library\cgp\containers\offset_grid\offset_grid.hpp">
      <Filter>cgp\containers\offset_grid</Filter>
    </ClInclude>
    <ClInclude Include="D:\Homework\INF585 - Computer Animation\code_inf585\code_inf585\library\cgp\display\display.hpp">
      <Filter>cgp\display</Filter>
    </ClInclude>
    <ClInclude Include="D:\Homework\INF585 - Computer Animation\code_inf585\code_inf585\library\cgp\display\drawable\curve_drawable\curve_drawable.hpp">
      <Filter>cgp\display\drawable\curve_drawable</Filter>
    </ClInclude>
    <ClInclude Include="D:\Homework\INF585 - Computer Animation\code_inf585\code_inf585\library\cgp\display\drawable\drawable.hpp">
      <Filter>cgp\display\drawable</Filter>
    </ClInclude>
    <ClInclude Include="D:\Homework\INF585 - Computer Animation\code_inf585\code_inf585\library\cgp\display\drawable\hierarchy_mesh_drawable\hierarchy_mesh_drawable.hpp">
      <Filter>cgp\display\drawable\hierarchy_mesh_drawable</Filter>
    </ClInclude>
    <ClInclude Include="D:\Homework\INF585 - Computer Animation\code_inf585\code_inf585\library\cgp\display\drawable\hierarchy_mesh_drawable\hierarchy_mesh_drawable_node\hierarchy_mesh_drawable_node.hpp">
      <Filter>cgp\display\drawable\hierarchy_mesh_drawable\hierarchy_mesh_drawable_node</Filter>
    </ClInclude>
    <ClInclude Include="D:\Homework\INF585 - Computer Animation\code_inf585\code_inf585\library\cgp\display\drawable\mesh_drawable\mesh_drawable.hpp">
      <Filter>cgp\display\drawable\mesh_drawable</Filter>
    </ClInclude>
    <ClInclude Include="D:\Homework\INF585 - Computer Animation\code_inf585\code_inf585\library\cgp\display\drawable\mesh_normal_drawable\mesh_normal_drawable.hpp">
      <Filter>cgp\display\drawable\mesh_normal_drawable</Filter>
    </ClInclude>
    <ClInclude Include="D:\Homework\INF585 - Computer Animation\code_inf585\code_inf585\library\cgp\display\drawable\mesh_wireframe_drawable\mesh_wireframe_drawable.hpp">
      <Filter>cgp\display\drawable\mesh_wireframe_drawable</Filter>
    </ClInclude>
    <ClInclude Include="D:\Homework\INF585 - Computer Animation\code_inf585\code_inf585\library\cgp\display\drawable\segments_drawable\segments_drawable.hpp">
      <Filter>cgp\display\drawable\segments_drawable</Filter>
    </ClInclude>
    <ClInclude Include="D:\Homework\INF585 - Computer Animation\code_inf585\code_inf585\library\cgp\display\drawable\shading_parameters\shading_parameters.hpp">
      <Filter>cgp\display\drawable\shading_parameters</Filter>
    </ClInclude>
    <ClInclude Include="D:\Homework\INF585 - Computer Animation\code_inf585\code_inf585\library\cgp\display\drawable\skybox_drawable\skybox_drawable.hpp">
      <Filter>cgp\display\drawable\skybox_drawable</Filter>
    </ClInclude>
    <ClInclude Include="D:\Homework\INF585 - Computer Animation\code_inf585\code_inf585\library\cgp\display\drawable\spatial_domain_grid_drawable\spatial_domain_grid_drawable.hpp">
      <Filter>cgp\display\drawable\spatial_domain_grid_drawable</Filter>
    </ClInclude>
    <ClInclude Include="D:\Homework\INF585 - Computer Animation\code_inf585\code_inf585\library\cgp\display\drawable\trajectory_drawable\trajectory_drawable.hpp">
      <Filter>cgp\display\drawable\trajectory_drawable</Filter>
    </ClInclude>
    <ClInclude Include="D:\Homework\INF585 - Computer Animation\code_inf585\code_inf585\library\cgp\display\drawable\triangle_soup_drawable\triangle_soup_drawable.hpp">
      <Filter>cgp\display\drawable\triangle_soup_drawable</Filter>
    </ClInclude>
    <ClInclude Include="D:\Homework\INF585 - Computer Animation\code_inf585\code_inf585\library\cgp\display\image\image.hpp">
      <Filter>cgp\display\image</Filter>
    </ClInclude>
    <ClInclude Include="D:\Homework\INF585 - Computer Animation\code_inf585\code_inf585\library\cgp\display\opengl\debug\debug.hpp">
      <Filter>cgp\display\opengl\debug</Filter>
    </ClInclude>
    <ClInclude Include="D:\Homework\INF585 - Computer Animation\code_inf585\code_inf585\library\cgp\display\opengl\glad\glad.hpp">
      <Filter>cgp\display\opengl\glad</Filter>
    </ClInclude>
    <ClInclude Include="D:\Homework\INF585 - Computer Animation\code_inf585\code_inf585\library\cgp\display\opengl\helper\opengl_helper.hpp">
      <Filter>cgp\display\opengl\helper</Filter>
    </ClInclude>
    <ClInclude Include="D:\Homework\INF585 - Computer Animation\code_inf585\code_inf585\library\cgp\display\opengl\opengl.hpp">
      <Filter>cgp\display\opengl</Filter>
    </ClInclude>
    <ClInclude Include="D:\Homework\INF585 - Computer Animation\code_inf585\code_inf585\library\cgp\display\opengl\shaders\shaders.hpp">
      <Filter>cgp\display\opengl\shaders</Filter>
    </ClInclude>
    <ClInclude Include="D:\Homework\INF585 - Computer Animation\code_inf585\code_inf585\library\cgp\display\opengl\texture\texture.hpp">
      <Filter>cgp\display\opengl\texture</Filter>
    </ClInclude>
    <ClInclude Include="D:\Homework\INF585 - Computer Animation\code_inf585\code_inf585\library\cgp\display\opengl\uniform\uniform.hpp">
      <Filter>cgp\display\opengl\uniform</Filter>
    </ClInclude>
    <ClInclude Include="D:\Homework\INF585 - Computer Animation\code_inf585\code_inf585\library\cgp\display\window\window.hpp">
      <Filter>cgp\display\window</Filter>
    </ClInclude>
    <ClInclude Include="D:\Homework\INF585 - Computer Animation\code_inf585\code_inf585\library\cgp\files\files.hpp">
      <Filter>cgp\files</Filter>
    </ClInclude>
    <ClInclude Include="D:\Homework\INF585 - Computer Animation\code_inf585\code_inf585\library\cgp\helper_common_scene\helper\helper.hpp">
      <Filter>cgp\helper_common_scene\helper</Filter>
    </ClInclude>
    <ClInclude Include="D:\Homework\INF585 - Computer Animation\code_inf585\code_inf585\library\cgp\helper_common_scene\helper_common_scene.hpp">
      <Filter>cgp\helper_common_scene</Filter>
    </ClInclude>
    <ClInclude Include="D:\Homework\INF585 - Computer Animation\code_inf585\code_inf585\library\cgp\helper_common_scene\scene_environment_basic\scene_environment_basic.hpp">
      <Filter>cgp\helper_common_scene\scene_environment_basic</Filter>
    </ClInclude>
    <ClInclude Include="D:\Homework\INF585 - Computer Animation\code_inf585\code_inf585\library\cgp\interaction\camera\camera.hpp">
      <Filter>cgp\interaction\camera</Filter>
    </ClInclude>
    <ClInclude Include="D:\Homework\INF585 - Computer Animation\code_inf585\code_inf585\library\cgp\interaction\camera\camera_around_center\camera_around_center.hpp">
      <Filter>cgp\interaction\camera\camera_around_center</Filter>
    </ClInclude>
    <ClInclude Include="D:\Homework\INF585 - Computer Animation\code_inf585\code_inf585\library\cgp\interaction\camera\camera_base\camera_base.hpp">
      <Filter>cgp\interaction\camera\camera_base</Filter>
    </ClInclude>
    <ClInclude Include="D:\Homework\INF585 - Computer Animation\code_inf585\code_inf585\library\cgp\interaction\camera\camera_head\camera_head.hpp">
      <Filter>cgp\interaction\camera\camera_head</Filter>
    </ClInclude>
    <ClInclude Include="D:\Homework\INF585 - Computer Animation\code_inf585\code_inf585\library\cgp\interaction\camera\camera_projection\camera_projection.hpp">
      <Filter>cgp\interaction\camera\camera_projection</Filter>
    </ClInclude>
    <ClInclude Include="D:\Homework\INF585 - Computer Animation\code_inf585\code_inf585\library\cgp\interaction\camera\camera_spherical_coordinates\camera_spherical_coordinates.hpp">
      <Filter>cgp\interaction\camera\camera_spherical_coordinates</Filter>
    </ClInclude>
    <ClInclude Include="D:\Homework\INF585 - Computer Animation\code_inf585\code_inf585\library\cgp\interaction\camera\common_functions\common_functions.hpp">
      <Filter>cgp\interaction\camera\common_functions</Filter>
    </ClInclude>
    <ClInclude Include="D:\Homework\INF585 - Computer Animation\code_inf585\code_inf585\library\cgp\interaction\camera_standard_behavior\camera_standard_behavior.hpp">
      <Filter>cgp\interaction\camera_standard_behavior</Filter>
    </ClInclude>
    <ClInclude Include="D:\Homework\INF585 - Computer Animation\code_inf585\code_inf585\library\cgp\interaction\glfw_inputs\glfw_inputs.hpp">
      <Filter>cgp\interaction\glfw_inputs</Filter>
    </ClInclude>
    <ClInclude Include="D:\Homework\INF585 - Computer Animation\code_inf585\code_inf585\library\cgp\interaction\gui\gui.hpp">
      <Filter>cgp\interaction\gui</Filter>
    </ClInclude>
    <ClInclude Include="D:\Homework\INF585 - Computer Animation\code_inf585\code_inf585\library\cgp\interaction\interaction.hpp">
      <Filter>cgp\interaction</Filter>
    </ClInclude>
    <ClInclude Include="D:\Homework\INF585 - Computer Animation\code_inf585\code_inf585\library\cgp\interaction\picking\picking.hpp">
      <Filter>cgp\interaction\picking</Filter>
    </ClInclude>
    <ClInclude Include="D:\Homework\INF585 - Computer Animation\code_inf585\code_inf585\library\cgp\interaction\picking\picking_plane\picking_plane.hpp">
      <Filter>cgp\interaction\picking\picking_plane</Filter>
    </ClInclude>
    <ClInclude Include="D:\Homework\INF585 - Computer Animation\code_inf585\code_inf585\library\cgp\interaction\picking\picking_spheres\picking_spheres.hpp">
      <Filter>cgp\interaction\picking\picking_spheres</Filter>
    </ClInclude>
    <ClInclude Include="D:\Homework\INF585 - Computer Animation\code_inf585\code_inf585\library\cgp\interaction\picking\picking_structure\picking_structure.hpp">
      <Filter>cgp\interaction\picking\picking_structure</Filter>
    </ClInclude>
    <ClInclude Include="D:\Homework\INF585 - Computer Animation\code_inf585\code_inf585\library\cgp\interaction\timer\timer.hpp">
      <Filter>cgp\interaction\timer</Filter>
    </ClInclude>
    <ClInclude Include="D:\Homework\INF585 - Computer Animation\code_inf585\code_inf585\library\cgp\interaction\timer\timer_basic\timer_basic.hpp">
      <Filter>cgp\interaction\timer\timer_basic</Filter>
    </ClInclude>
    <ClInclude Include="D:\Homework\INF585 - Computer Animation\code_inf585\code_inf585\library\cgp\interaction\timer\timer_event_periodic\timer_event_periodic.hpp">
      <Filter>cgp\interaction\timer\timer_event_periodic</Filter>
    </ClInclude>
    <ClInclude Include="D:\Homework\INF585 - Computer Animation\code_inf585\code_inf585\library\cgp\interaction\timer\timer_fps\timer_fps.hpp">
      <Filter>cgp\interaction\timer\timer_fps</Filter>
    </ClInclude>
    <ClInclude Include="D:\Homework\INF585 - Computer Animation\code_inf585\code_inf585\library\cgp\interaction\timer\timer_interval\timer_interval.hpp">
      <Filter>cgp\interaction\timer\timer_interval</Filter>
    </ClInclude>
    <ClInclude Include="D:\Homework\INF585 - Computer Animation\code_inf585\code_inf585\library\cgp\interaction\tracker\tracker.hpp">
      <Filter>cgp\interaction\tracker</Filter>
    </ClInclude>
    <ClInclude Include="D:\Homework\INF585 - Computer Animation\code_inf585\code_inf585\library\cgp\interaction\tracker\velocity_tracker\velocity_tracker.hpp">
      <Filter>cgp\interaction\tracker\velocity_tracker</Filter>
    </ClInclude>
    <ClInclude Include="D:\Homework\INF585 - Computer Animation\code_inf585\code_inf585\library\cgp\math\affine\affine.hpp">
      <Filter>cgp\math\affine</Filter>
    </ClInclude>
    <ClInclude Include="D:\Homework\INF585 - Computer Animation\code_inf585\code_inf585\library\cgp\math\affine\affine_rt\affine_rt.hpp">
      <Filter>cgp\math\affine\affine_rt</Filter>
    </ClInclude>
    <ClInclude Include="D:\Homework\INF585 - Computer Animation\code_inf585\code_inf585\library\cgp\math\affine\affine_rts\affine_rts.hpp">
      <Filter>cgp\math\affine\affine_rts</Filter>
    </ClInclude>
    <ClInclude Include="D:\Homework\INF585 - Computer Animation\code_inf585\code_inf585\library\cgp\math\frame\frame.hpp">
      <Filter>cgp\math\frame</Filter>
    </ClInclude>
    <ClInclude Include="D:\Homework\INF585 - Computer Animation\code_inf585\code_inf585\library\cgp\math\interpolation\interpolation.hpp">
      <Filter>cgp\math\interpolation</Filter>
    </ClInclude>
    <ClInclude Include="D:\Homework\INF585 - Computer Animation\code_inf585\code_inf585\library\cgp\math\math.hpp">
      <Filter>cgp\math</Filter>
    </ClInclude>
    <ClInclude Include="D:\Homework\INF585 - Computer Animation\code_inf585\code_inf585\library\cgp\math\matrix\matrix.hpp">
      <Filter>cgp\math\matrix</Filter>
    </ClInclude>
    <ClInclude Include="D:\Homework\INF585 - Computer Animation\code_inf585\code_inf585\library\cgp\math\matrix\matrix_stack\matrix_stack.hpp">
      <Filter>cgp\math\matrix\matrix_stack</Filter>
    </ClInclude>
    <ClInclude Include="D:\Homework\INF585 - Computer Animation\code_inf585\code_inf585\library\cgp\math\matrix\matrix_stack\special_types\definition\special_types.hpp">
      <Filter>cgp\math\matrix\matrix_stack\special_types\definition</Filter>
    </ClInclude>
    <ClInclude Include="D:\Homework\INF585 - Computer Animation\code_inf585\code_inf585\library\cgp\math\matrix\matrix_stack\special_types\mat4\mat4.hpp">
      <Filter>cgp\math\matrix\matrix_stack\special_types\mat4</Filter>
    </ClInclude>
    <ClInclude Include="D:\Homework\INF585 - Computer Animation\code_inf585\code_inf585\library\cgp\math\matrix\matrix_stack\special_types\special_types.hpp">
      <Filter>cgp\math\matrix\matrix_stack\special_types</Filter>
    </ClInclude>
    <ClInclude Include="D:\Homework\INF585 - Computer Animation\code_inf585\code_inf585\library\cgp\math\matrix\test\test_matrix_stack.hpp">
      <Filter>cgp\math\matrix\test</Filter>
    </ClInclude>
    <ClInclude Include="D:\Homework\INF585 - Computer Animation\code_inf585\code_inf585\library\cgp\math\projection\projection.hpp">
      <Filter>cgp\math\projection</Filter>
    </ClInclude>
    <ClInclude Include="D:\Homework\INF585 - Computer Animation\code_inf585\code_inf585\library\cgp\math\quaternion\quaternion.hpp">
      <Filter>cgp\math\quaternion</Filter>
    </ClInclude>
    <ClInclude Include="D:\Homework\INF585 - Computer Animation\code_inf585\code_inf585\library\cgp\math\rotation_transform\rotation_transform.hpp">
      <Filter>cgp\math\rotation_transform</Filter>
    </ClInclude>
    <ClInclude Include="D:\Homework\INF585 - Computer Animation\code_inf585\code_inf585\library\cgp\math\rotation_transform\test\test_rotation.hpp">
      <Filter>cgp\math\rotation_transform\test</Filter>
    </ClInclude>
    <ClInclude Include="D:\Homework\INF585 - Computer Animation\code_inf585\code_inf585\library\cgp\math\vec_mat\test\test_vec_mat.hpp">
      <Filter>cgp\math\vec_mat\test</Filter>
    </ClInclude>
    <ClInclude Include="D:\Homework\INF585 - Computer Animation\code_inf585\code_inf585\library\cgp\math\vec_mat\vec_mat.hpp">
      <Filter>cgp\math\vec_mat</Filter>
    </ClInclude>
    <ClInclude Include="D:\Homework\INF585 - Computer Animation\code_inf585\code_inf585\library\cgp\shape\curve\curve.hpp">
      <Filter>cgp\shape\curve</Filter>
    </ClInclude>
    <ClInclude Include="D:\Homework\INF585 - Computer Animation\code_inf585\code_inf585\library\cgp\shape\implicit\implicit.hpp">
      <Filter>cgp\shape\implicit</Filter>
    </ClInclude>
    <ClInclude Include="D:\Homework\INF585 - Computer Animation\code_inf585\code_inf585\library\cgp\shape\implicit\marching_cube\helper\marching_cubes_lut.hpp">
      <Filter>cgp\shape\implicit\marching_cube\helper</Filter>
    </ClInclude>
    <ClInclude Include="D:\Homework\INF585 - Computer Animation\code_inf585\code_inf585\library\cgp\shape\implicit\marching_cube\marching_cube.hpp">
      <Filter>cgp\shape\implicit\marching_cube</Filter>
    </ClInclude>
    <ClInclude Include="D:\Homework\INF585 - Computer Animation\code_inf585\code_inf585\library\cgp\shape\intersection\intersection.hpp">
      <Filter>cgp\shape\intersection</Filter>
    </ClInclude>
    <ClInclude Include="D:\Homework\INF585 - Computer Animation\code_inf585\code_inf585\library\cgp\shape\mesh\loader\loader.hpp">
      <Filter>cgp\shape\mesh\loader</Filter>
    </ClInclude>
    <ClInclude Include="D:\Homework\INF585 - Computer Animation\code_inf585\code_inf585\library\cgp\shape\mesh\loader\obj\obj.hpp">
      <Filter>cgp\shape\mesh\loader\obj</Filter>
    </ClInclude>
    <ClInclude Include="D:\Homework\INF585 - Computer Animation\code_inf585\code_inf585\library\cgp\shape\mesh\mesh.hpp">
      <Filter>cgp\shape\mesh</Filter>
    </ClInclude>
    <ClInclude Include="D:\Homework\INF585 - Computer Animation\code_inf585\code_inf585\library\cgp\shape\mesh\primitive\mesh_primitive.hpp">
      <Filter>cgp\shape\mesh\primitive</Filter>
    </ClInclude>
    <ClInclude Include="D:\Homework\INF585 - Computer Animation\code_inf585\code_inf585\library\cgp\shape\mesh\structure\mesh.hpp">
      <Filter>cgp\shape\mesh\structure</Filter>
    </ClInclude>
    <ClInclude Include="D:\Homework\INF585 - Computer Animation\code_inf585\code_inf585\library\cgp\shape\noise\noise.hpp">
      <Filter>cgp\shape\noise</Filter>
    </ClInclude>
    <ClInclude Include="D:\Homework\INF585 - Computer Animation\code_inf585\code_inf585\library\cgp\shape\shape.hpp">
      <Filter>cgp\shape</Filter>
    </ClInclude>
    <ClInclude Include="D:\Homework\INF585 - Computer Animation\code_inf585\code_inf585\library\cgp\shape\spatial_domain\spatial_domain.hpp">
      <Filter>cgp\shape\spatial_domain</Filter>
    </ClInclude>
    <ClInclude Include="D:\Homework\INF585 - Computer Animation\code_inf585\code_inf585\library\cgp\shape\spatial_domain\spatial_domain_grid_3D\spatial_domain_grid_3D.hpp">
      <Filter>cgp\shape\spatial_domain\spatial_domain_grid_3D</Filter>
    </ClInclude>
    <ClInclude Include="D:\Homework\INF585 - Computer Animation\code_inf585\code_inf585\library\third_party\src\glad\include\glad\glad.hpp">
      <Filter>third_party\src\glad\include\glad</Filter>
    </ClInclude>
    <ClInclude Include="D:\Homework\INF585 - Computer Animation\code_inf585\code_inf585\library\third_party\src\imgui\imconfig.h">
      <Filter>third_party\src\imgui</Filter>
    </ClInclude>
    <ClInclude Include="D:\Homework\INF585 - Computer Animation\code_inf585\code_inf585\library\third_party\src\imgui\imgui.h">
      <Filter>third_party\src\imgui</Filter>
    </ClInclude>
    <ClInclude Include="D:\Homework\INF585 - Computer Animation\code_inf585\code_inf585\library\third_party\src\imgui\imgui_impl_glfw.h">
      <Filter>third_party\src\imgui</Filter>
    </ClInclude>
    <ClInclude Include="D:\Homework\INF585 - Computer Animation\code_inf585\code_inf585\library\third_party\src\imgui\imgui_impl_opengl3.h">
      <Filter>third_party\src\imgui</Filter>
    </ClInclude>
    <ClInclude Include="D:\Homework\INF585 - Computer Animation\code_inf585\code_inf585\library\third_party\src\imgui\imgui_internal.h">
      <Filter>third_party\src\imgui</Filter>
    </ClInclude>
    <ClInclude Include="D:\Homework\INF585 - Computer Animation\code_inf585\code_inf585\library\third_party\src\imgui\imstb_rectpack.h">
      <Filter>third_party\src\imgui</Filter>
    </ClInclude>
    <ClInclude Include="D:\Homework\INF585 - Computer Animation\code_inf585\code_inf585\library\third_party\src\imgui\imstb_textedit.h">
      <Filter>third_party\src\imgui</Filter>
    </ClInclude>
    <ClInclude Include="D:\Homework\INF585 - Computer Animation\code_inf585\code_inf585\library\third_party\src\imgui\imstb_truetype.h">
      <Filter>third_party\src\imgui</Filter>
    </ClInclude>
    <ClInclude Include="D:\Homework\INF585 - Computer Animation\code_inf585\code_inf585\library\third_party\src\jpeg\jpgd.h">
      <Filter>third_party\src\jpeg</Filter>
    </ClInclude>
    <ClInclude Include="D:\Homework\INF585 - Computer Animation\code_inf585\code_inf585\library\third_party\src\jpeg\jpge.h">
      <Filter>third_party\src\jpeg</Filter>
    </ClInclude>
    <ClInclude Include="D:\Homework\INF585 - Computer Animation\code_inf585\code_inf585\library\third_party\src\lodepng\lodepng.h">
      <Filter>third_party\src\lodepng</Filter>
    </ClInclude>
    <ClInclude Include="D:\Homework\INF585 - Computer Animation\code_inf585\code_inf585\library\third_party\src\simplexnoise\simplexnoise1234.hpp">
      <Filter>third_party\src\simplexnoise</Filter>
    </ClInclude>
    <ClInclude Include="D:\Homework\INF585 - Computer Animation\code_inf585\code_inf585\scenes\inf585\08_cloth\src\cloth\cloth.hpp">
      <Filter>src\cloth</Filter>
    </ClInclude>
    <ClInclude Include="D:\Homework\INF585 - Computer Animation\code_inf585\code_inf585\scenes\inf585\08_cloth\src\constraint\constraint.hpp">
      <Filter>src\constraint</Filter>
    </ClInclude>
    <ClInclude Include="D:\Homework\INF585 - Computer Animation\code_inf585\code_inf585\scenes\inf585\08_cloth\src\scene.hpp">
      <Filter>src</Filter>
    </ClInclude>
    <ClInclude Include="D:\Homework\INF585 - Computer Animation\code_inf585\code_inf585\scenes\inf585\08_cloth\src\simulation\simulation.hpp">
      <Filter>src\simulation</Filter>
    </ClInclude>
  </ItemGroup>
  <ItemGroup>
    <CustomBuild Include="D:\Homework\INF585 - Computer Animation\code_inf585\code_inf585\scenes\inf585\08_cloth\CMakeLists.txt" />
  </ItemGroup>
  <ItemGroup>
    <None Include="D:\Homework\INF585 - Computer Animation\code_inf585\code_inf585\scenes\inf585\08_cloth\shaders\mesh\frag.glsl">
      <Filter>shaders\mesh</Filter>
    </None>
    <None Include="D:\Homework\INF585 - Computer Animation\code_inf585\code_inf585\scenes\inf585\08_cloth\shaders\mesh\vert.glsl">
      <Filter>shaders\mesh</Filter>
    </None>
    <None Include="D:\Homework\INF585 - Computer Animation\code_inf585\code_inf585\scenes\inf585\08_cloth\shaders\single_color\frag.glsl">
      <Filter>shaders\single_color</Filter>
    </None>
    <None Include="D:\Homework\INF585 - Computer Animation\code_inf585\code_inf585\scenes\inf585\08_cloth\shaders\single_color\vert.glsl">
      <Filter>shaders\single_color</Filter>
    </None>
  </ItemGroup>
  <ItemGroup>
    <Filter Include="cgp">
      <UniqueIdentifier>{D44D8D96-4B7F-3F9A-88E1-9A3144744AE4}</UniqueIdentifier>
    </Filter>
    <Filter Include="cgp\base">
      <UniqueIdentifier>{B2519B81-2D3F-3F3D-83D8-26F392396922}</UniqueIdentifier>
    </Filter>
    <Filter Include="cgp\base\basic_types">
      <UniqueIdentifier>{2624A61F-1030-3A65-9A41-A46D1B6142DF}</UniqueIdentifier>
    </Filter>
    <Filter Include="cgp\base\error">
      <UniqueIdentifier>{2EC8A229-F443-3B96-ABBF-685EA4A3AB5C}</UniqueIdentifier>
    </Filter>
    <Filter Include="cgp\base\rand">
      <UniqueIdentifier>{93384BFB-EB5B-382E-9D7B-41260A695B8F}</UniqueIdentifier>
    </Filter>
    <Filter Include="cgp\base\stl">
      <UniqueIdentifier>{C2951E47-FB58-3D19-AC7E-B403D1A08EC8}</UniqueIdentifier>
    </Filter>
    <Filter Include="cgp\base\string">
      <UniqueIdentifier>{AC72EEA8-1561-35E7-A031-CF0A5FE3CFE1}</UniqueIdentifier>
    </Filter>
    <Filter Include="cgp\base\types">
      <UniqueIdentifier>{3B57D76B-90BA-3F66-9185-0EE9A430154C}</UniqueIdentifier>
    </Filter>
    <Filter Include="cgp\containers">
      <UniqueIdentifier>{AF68DBA5-5CFD-35F6-A334-18B8C017A609}</UniqueIdentifier>
    </Filter>
    <Filter Include="cgp\containers\buffer">
      <UniqueIdentifier>{830534AD-898F-32A2-864F-9DB3A1A62AF2}</UniqueIdentifier>
    </Filter>
    <Filter Include="cgp\containers\buffer\test">
      <UniqueIdentifier>{E26A7C6B-9662-361B-BA91-5F1F92DA5156}</UniqueIdentifier>
    </Filter>
    <Filter Include="cgp\containers\buffer_stack">
      <UniqueIdentifier>{536B8D5A-1F43-3249-BBB5-3C6B855E5000}</UniqueIdentifier>
    </Filter>
    <Filter Include="cgp\containers\buffer_stack\implementation">
      <UniqueIdentifier>{BFB906A0-DA94-30FD-B23E-4468B6F61948}</UniqueIdentifier>
    </Filter>
    <Filter Include="cgp\containers\buffer_stack\special_types">
      <UniqueIdentifier>{6DF1B1EA-1E52-3555-AA7F-226AA829CF96}</UniqueIdentifier>
    </Filter>
    <Filter Include="cgp\containers\buffer_stack\test">
      <UniqueIdentifier>{E2ED6D25-3803-3E78-8CFF-B2F7E87DBCB6}</UniqueIdentifier>
    </Filter>
    <Filter Include="cgp\containers\grid">
      <UniqueIdentifier>{DE2D01AD-81E9-35C9-A964-B3F504525ADF}</UniqueIdentifier>
    </Filter>
    <Filter Include="cgp\containers\grid\grid_2D">
      <UniqueIdentifier>{B59D6D28-C42A-3E72-8570-6FF1DE21C3C6}</UniqueIdentifier>
    </Filter>
    <Filter Include="cgp\containers\grid\grid_3D">
      <UniqueIdentifier>{D3012D4C-9B94-3165-9CBF-071074FEB316}</UniqueIdentifier>
    </Filter>
    <Filter Include="cgp\containers\grid\test">
      <UniqueIdentifier>{44C5A405-8F1A-362B-B968-A3CF3FC0867F}</UniqueIdentifier>
    </Filter>
    <Filter Include="cgp\containers\grid_stack">
      <UniqueIdentifier>{4E22CFB0-BDE5-3BF7-8EF0-65E0492CD033}</UniqueIdentifier>
    </Filter>
    <Filter Include="cgp\containers\grid_stack\grid_stack_2D">
      <UniqueIdentifier>{F1C5FEF5-6815-3081-8C05-FBB18ADBB359}</UniqueIdentifier>
    </Filter>
    <Filter Include="cgp\containers\grid_stack\grid_stack_2D\test">
      <UniqueIdentifier>{D31C1D64-CFF9-326A-BD0F-B055735EDB60}</UniqueIdentifier>
    </Filter>
    <Filter Include="cgp\containers\offset_grid">
      <UniqueIdentifier>{15763537-69DC-319E-824B-3D3F45F9E08C}</UniqueIdentifier>
    </Filter>
    <Filter Include="cgp\display">
      <UniqueIdentifier>{241C3ED7-F56F-3345-BA0B-E4DDFE4E45AB}</UniqueIdentifier>
    </Filter>
    <Filter Include="cgp\display\drawable">
      <UniqueIdentifier>{18205626-F871-363B-95A2-2608BA60435B}</UniqueIdentifier>
    </Filter>
    <Filter Include="cgp\display\drawable\curve_drawable">
      <UniqueIdentifier>{BE3022E5-10D9-39C9-BF1D-19780E20FDDD}</UniqueIdentifier>
    </Filter>
    <Filter Include="cgp\display\drawable\hierarchy_mesh_drawable">
      <UniqueIdentifier>{1BFDBA20-6E76-364D-B35D-200C88D73691}</UniqueIdentifier>
    </Filter>
    <Filter Include="cgp\display\drawable\hierarchy_mesh_drawable\hierarchy_mesh_drawable_node">
      <UniqueIdentifier>{24D214FE-345A-3F07-B600-E255D9F103B8}</UniqueIdentifier>
    </Filter>
    <Filter Include="cgp\display\drawable\mesh_drawable">
      <UniqueIdentifier>{E8BC5B89-5A76-344E-9181-D3ABCDFF559C}</UniqueIdentifier>
    </Filter>
    <Filter Include="cgp\display\drawable\mesh_normal_drawable">
      <UniqueIdentifier>{91056D54-0826-3AAA-B5E7-6B7D6608512F}</UniqueIdentifier>
    </Filter>
    <Filter Include="cgp\display\drawable\mesh_wireframe_drawable">
      <UniqueIdentifier>{898C8909-D11E-3E67-907D-C5FAD9739A9C}</UniqueIdentifier>
    </Filter>
    <Filter Include="cgp\display\drawable\segments_drawable">
      <UniqueIdentifier>{5201D992-D828-3B0E-8FC0-3213EB724688}</UniqueIdentifier>
    </Filter>
    <Filter Include="cgp\display\drawable\shading_parameters">
      <UniqueIdentifier>{8FA52DDD-52C1-3549-B1FC-FE7FA5F1ABF1}</UniqueIdentifier>
    </Filter>
    <Filter Include="cgp\display\drawable\skybox_drawable">
      <UniqueIdentifier>{537B570B-B9BB-3DB7-A389-2D12CC3453F5}</UniqueIdentifier>
    </Filter>
    <Filter Include="cgp\display\drawable\spatial_domain_grid_drawable">
      <UniqueIdentifier>{8E288461-949C-3244-86CF-770C7C0CBF44}</UniqueIdentifier>
    </Filter>
    <Filter Include="cgp\display\drawable\trajectory_drawable">
      <UniqueIdentifier>{9A8D4EEE-2F15-3860-A599-845742E1C293}</UniqueIdentifier>
    </Filter>
    <Filter Include="cgp\display\drawable\triangle_soup_drawable">
      <UniqueIdentifier>{F53BF431-8A91-3B6B-BBD5-64CE723651E5}</UniqueIdentifier>
    </Filter>
    <Filter Include="cgp\display\image">
      <UniqueIdentifier>{237ED12C-24B6-36C6-91E0-A611F6F8E342}</UniqueIdentifier>
    </Filter>
    <Filter Include="cgp\display\opengl">
      <UniqueIdentifier>{C020EDD5-26DB-36B3-90A7-C86A6A147BDA}</UniqueIdentifier>
    </Filter>
    <Filter Include="cgp\display\opengl\debug">
      <UniqueIdentifier>{DAD31401-6803-3FAE-8E11-FE5400969B10}</UniqueIdentifier>
    </Filter>
    <Filter Include="cgp\display\opengl\glad">
      <UniqueIdentifier>{96DFDD64-FBBA-3395-90FF-60110D94589A}</UniqueIdentifier>
    </Filter>
    <Filter Include="cgp\display\opengl\helper">
      <UniqueIdentifier>{F6580681-24D0-34F0-8D38-B0929EC2350D}</UniqueIdentifier>
    </Filter>
    <Filter Include="cgp\display\opengl\shaders">
      <UniqueIdentifier>{D9D75A94-105D-376A-9FCF-D04FF3C851A3}</UniqueIdentifier>
    </Filter>
    <Filter Include="cgp\display\opengl\texture">
      <UniqueIdentifier>{7CD5FB86-F8A6-3D53-B84D-A61BB11BFE2C}</UniqueIdentifier>
    </Filter>
    <Filter Include="cgp\display\opengl\uniform">
      <UniqueIdentifier>{E0C3DA70-23FE-39DF-A9A8-78DDBE956AB4}</UniqueIdentifier>
    </Filter>
    <Filter Include="cgp\display\window">
      <UniqueIdentifier>{8043851B-7B9D-3598-AA40-DEE9FE0B3CBA}</UniqueIdentifier>
    </Filter>
    <Filter Include="cgp\files">
      <UniqueIdentifier>{25E4B661-22A6-3A56-AC4A-8C8C0081BF7F}</UniqueIdentifier>
    </Filter>
    <Filter Include="cgp\helper_common_scene">
      <UniqueIdentifier>{B593C876-9BA2-3DC3-AA7C-1FF17F8BE2A7}</UniqueIdentifier>
    </Filter>
    <Filter Include="cgp\helper_common_scene\helper">
      <UniqueIdentifier>{8695AFF6-2D13-3B17-AB07-88E9AA0FEC7B}</UniqueIdentifier>
    </Filter>
    <Filter Include="cgp\helper_common_scene\scene_environment_basic">
      <UniqueIdentifier>{5DF91691-B3C9-3615-8783-20220E594826}</UniqueIdentifier>
    </Filter>
    <Filter Include="cgp\interaction">
      <UniqueIdentifier>{B5B1311C-1093-31BC-87D7-A904D8CD7A5F}</UniqueIdentifier>
    </Filter>
    <Filter Include="cgp\interaction\camera">
      <UniqueIdentifier>{30BA9601-14C9-3440-9518-89DC1CFB66A8}</UniqueIdentifier>
    </Filter>
    <Filter Include="cgp\interaction\camera\camera_around_center">
      <UniqueIdentifier>{FACA25EA-BB31-3829-B6CB-B0D54728C9A0}</UniqueIdentifier>
    </Filter>
    <Filter Include="cgp\interaction\camera\camera_base">
      <UniqueIdentifier>{723B95F1-F384-3564-A953-AC781B096669}</UniqueIdentifier>
    </Filter>
    <Filter Include="cgp\interaction\camera\camera_head">
      <UniqueIdentifier>{37182AD4-E60E-38C0-9FBC-F9ED7C3A7CDC}</UniqueIdentifier>
    </Filter>
    <Filter Include="cgp\interaction\camera\camera_projection">
      <UniqueIdentifier>{BD9285B7-D457-358B-A11C-6A9E45553262}</UniqueIdentifier>
    </Filter>
    <Filter Include="cgp\interaction\camera\camera_spherical_coordinates">
      <UniqueIdentifier>{C6BFED5B-1C4D-34AA-AB8F-632535AB648A}</UniqueIdentifier>
    </Filter>
    <Filter Include="cgp\interaction\camera\common_functions">
      <UniqueIdentifier>{E499C7E0-722C-3AE8-A7CE-66686B30CAFE}</UniqueIdentifier>
    </Filter>
    <Filter Include="cgp\interaction\camera_standard_behavior">
      <UniqueIdentifier>{94AE2360-CE0A-3392-9101-223DD5C2B866}</UniqueIdentifier>
    </Filter>
    <Filter Include="cgp\interaction\glfw_inputs">
      <UniqueIdentifier>{B9DD278D-FE4B-3267-8553-26EA841BBC8D}</UniqueIdentifier>
    </Filter>
    <Filter Include="cgp\interaction\gui">
      <UniqueIdentifier>{FFD0CE4B-7C19-35B7-A23A-51B4086E1F08}</UniqueIdentifier>
    </Filter>
    <Filter Include="cgp\interaction\picking">
      <UniqueIdentifier>{C600F97E-34DB-37E2-ACE4-B5893545E278}</UniqueIdentifier>
    </Filter>
    <Filter Include="cgp\interaction\picking\picking_plane">
      <UniqueIdentifier>{D94E460E-3276-30DC-ADA1-224A03E115C9}</UniqueIdentifier>
    </Filter>
    <Filter Include="cgp\interaction\picking\picking_spheres">
      <UniqueIdentifier>{0FD83BBD-1167-38FF-A1F7-A9DF4A84F826}</UniqueIdentifier>
    </Filter>
    <Filter Include="cgp\interaction\picking\picking_structure">
      <UniqueIdentifier>{67A6CF92-3F22-349E-ABC7-3FF84AE67877}</UniqueIdentifier>
    </Filter>
    <Filter Include="cgp\interaction\timer">
      <UniqueIdentifier>{6F1C7E7E-F682-36CF-AC83-8342284F9DAB}</UniqueIdentifier>
    </Filter>
    <Filter Include="cgp\interaction\timer\timer_basic">
      <UniqueIdentifier>{566E9298-1036-35AA-ACCA-E3A5464CA0AF}</UniqueIdentifier>
    </Filter>
    <Filter Include="cgp\interaction\timer\timer_event_periodic">
      <UniqueIdentifier>{08AA92FF-394A-36BC-893F-5B7732997DEE}</UniqueIdentifier>
    </Filter>
    <Filter Include="cgp\interaction\timer\timer_fps">
      <UniqueIdentifier>{FEC34E3D-73F5-320A-BBFD-EFA3D5C13644}</UniqueIdentifier>
    </Filter>
    <Filter Include="cgp\interaction\timer\timer_interval">
      <UniqueIdentifier>{58ADA321-FE60-35A7-B0A3-BF3177875571}</UniqueIdentifier>
    </Filter>
    <Filter Include="cgp\interaction\tracker">
      <UniqueIdentifier>{1A5FB377-82CE-3580-B83F-FCF1425C80CC}</UniqueIdentifier>
    </Filter>
    <Filter Include="cgp\interaction\tracker\velocity_tracker">
      <UniqueIdentifier>{D2E7977C-BE22-3045-80C4-95E9B371E9E6}</UniqueIdentifier>
    </Filter>
    <Filter Include="cgp\math">
      <UniqueIdentifier>{F620FA19-464D-335D-8462-54884B72B361}</UniqueIdentifier>
    </Filter>
    <Filter Include="cgp\math\affine">
      <UniqueIdentifier>{C706A25E-0A3B-347E-B095-BEBAB57AD189}</UniqueIdentifier>
    </Filter>
    <Filter Include="cgp\math\affine\affine_rt">
      <UniqueIdentifier>{6EBB2D5C-0FCB-3D85-8F1F-1E3788CB27A3}</UniqueIdentifier>
    </Filter>
    <Filter Include="cgp\math\affine\affine_rts">
      <UniqueIdentifier>{E504EED3-EEF0-368B-B3EA-B332232754ED}</UniqueIdentifier>
    </Filter>
    <Filter Include="cgp\math\frame">
      <UniqueIdentifier>{12FF7BEF-0618-335F-B3F7-11E73CF780D6}</UniqueIdentifier>
    </Filter>
    <Filter Include="cgp\math\interpolation">
      <UniqueIdentifier>{0B4D5DC8-3D8B-32FA-B4C7-6BFE4856B07B}</UniqueIdentifier>
    </Filter>
    <Filter Include="cgp\math\matrix">
      <UniqueIdentifier>{4D5880FB-676F-37EA-A6F3-35C4BDC326C9}</UniqueIdentifier>
    </Filter>
    <Filter Include="cgp\math\matrix\matrix_stack">
      <UniqueIdentifier>{5F6209AA-493C-3A35-8FFE-8E5CEA119506}</UniqueIdentifier>
    </Filter>
    <Filter Include="cgp\math\matrix\matrix_stack\special_types">
      <UniqueIdentifier>{940DE3C2-BB22-3CFA-9300-29828A1657FF}</UniqueIdentifier>
    </Filter>
    <Filter Include="cgp\math\matrix\matrix_stack\special_types\definition">
      <UniqueIdentifier>{FE2EB0B3-E603-374C-9758-B7C4CFCD70BB}</UniqueIdentifier>
    </Filter>
    <Filter Include="cgp\math\matrix\matrix_stack\special_types\mat4">
      <UniqueIdentifier>{1197351B-B8C7-3E03-91AA-073C80CA4698}</UniqueIdentifier>
    </Filter>
    <Filter Include="cgp\math\matrix\test">
      <UniqueIdentifier>{F8C91E29-AAD5-31BE-A405-E60832F2816E}</UniqueIdentifier>
    </Filter>
    <Filter Include="cgp\math\projection">
      <UniqueIdentifier>{4D32A9EB-9F99-3D1D-AEB7-7AF4A07609E8}</UniqueIdentifier>
    </Filter>
    <Filter Include="cgp\math\quaternion">
      <UniqueIdentifier>{4239560B-FB3E-31E9-AF16-28B73C49CE8C}</UniqueIdentifier>
    </Filter>
    <Filter Include="cgp\math\rotation_transform">
      <UniqueIdentifier>{175C3D77-EDEE-3483-B15F-C6AAE0D298B6}</UniqueIdentifier>
    </Filter>
    <Filter Include="cgp\math\rotation_transform\test">
      <UniqueIdentifier>{61E2F81F-996F-30FC-A6A0-B0CDB5EF55D9}</UniqueIdentifier>
    </Filter>
    <Filter Include="cgp\math\vec_mat">
      <UniqueIdentifier>{A2CD1885-1580-35A2-B133-5EAD12D7311A}</UniqueIdentifier>
    </Filter>
    <Filter Include="cgp\math\vec_mat\test">
      <UniqueIdentifier>{303DBAAF-BD66-34C0-9EF0-EF1ECF9AB54A}</UniqueIdentifier>
    </Filter>
    <Filter Include="cgp\shape">
      <UniqueIdentifier>{4E4E9952-7478-3CAD-BDCA-99E3D1EE1FCE}</UniqueIdentifier>
    </Filter>
    <Filter Include="cgp\shape\curve">
      <UniqueIdentifier>{AFBF8E69-7BFB-3367-8472-C958B0C110F6}</UniqueIdentifier>
    </Filter>
    <Filter Include="cgp\shape\implicit">
      <UniqueIdentifier>{29E881EA-869C-3335-8899-20E956D7DAF6}</UniqueIdentifier>
    </Filter>
    <Filter Include="cgp\shape\implicit\marching_cube">
      <UniqueIdentifier>{26AEA073-E828-3721-BED4-D03AE6B5A04A}</UniqueIdentifier>
    </Filter>
    <Filter Include="cgp\shape\implicit\marching_cube\helper">
      <UniqueIdentifier>{2C03C8EF-CDDA-39E7-A597-24E724B32E01}</UniqueIdentifier>
    </Filter>
    <Filter Include="cgp\shape\intersection">
      <UniqueIdentifier>{4237F815-B735-385F-93BC-2696CD14BDEC}</UniqueIdentifier>
    </Filter>
    <Filter Include="cgp\shape\mesh">
      <UniqueIdentifier>{758EA8ED-0C29-341B-9145-2A59B709E202}</UniqueIdentifier>
    </Filter>
    <Filter Include="cgp\shape\mesh\loader">
      <UniqueIdentifier>{1CBD3940-33C6-3743-8B14-49434E919220}</UniqueIdentifier>
    </Filter>
    <Filter Include="cgp\shape\mesh\loader\obj">
      <UniqueIdentifier>{68C7BA96-DB63-38A1-9E68-BBE8A4F7534E}</UniqueIdentifier>
    </Filter>
    <Filter Include="cgp\shape\mesh\primitive">
      <UniqueIdentifier>{408F01B5-7235-32E5-B92A-99D248844D58}</UniqueIdentifier>
    </Filter>
    <Filter Include="cgp\shape\mesh\structure">
      <UniqueIdentifier>{EB02CDBE-2013-3ABB-91CD-5B3B5C2DA054}</UniqueIdentifier>
    </Filter>
    <Filter Include="cgp\shape\noise">
      <UniqueIdentifier>{BE71F21B-73D9-3B6E-9A49-63FC9823F197}</UniqueIdentifier>
    </Filter>
    <Filter Include="cgp\shape\spatial_domain">
      <UniqueIdentifier>{3436E12B-B661-3338-AF84-3B5BDF17A5D5}</UniqueIdentifier>
    </Filter>
    <Filter Include="cgp\shape\spatial_domain\spatial_domain_grid_3D">
      <UniqueIdentifier>{418D485F-791A-3281-A3E5-346B60784CC3}</UniqueIdentifier>
    </Filter>
    <Filter Include="shaders">
      <UniqueIdentifier>{ED06DBC6-3A8D-351E-9055-A663B27C0FFF}</UniqueIdentifier>
    </Filter>
    <Filter Include="shaders\mesh">
      <UniqueIdentifier>{B79A950D-5DB8-383A-B44A-33719C91BD25}</UniqueIdentifier>
    </Filter>
    <Filter Include="shaders\single_color">
      <UniqueIdentifier>{DB9825FE-0E06-34DB-97AC-5123DE680886}</UniqueIdentifier>
    </Filter>
    <Filter Include="src">
      <UniqueIdentifier>{BA0C7353-8027-3370-BCCC-5D1A7244AE22}</UniqueIdentifier>
    </Filter>
    <Filter Include="src\cloth">
      <UniqueIdentifier>{3A2F4324-71CD-3251-A4BC-D5FDACC3072F}</UniqueIdentifier>
    </Filter>
    <Filter Include="src\constraint">
      <UniqueIdentifier>{ED985EFE-10D4-3392-951F-BB462B747811}</UniqueIdentifier>
    </Filter>
    <Filter Include="src\simulation">
      <UniqueIdentifier>{EAC73AB2-3FD7-37D9-8514-F02CA9556B78}</UniqueIdentifier>
    </Filter>
    <Filter Include="third_party">
      <UniqueIdentifier>{BB5368AD-FF9A-32E8-B231-984265CFECF4}</UniqueIdentifier>
    </Filter>
    <Filter Include="third_party\src">
      <UniqueIdentifier>{1FF118FB-73E3-3A15-BB89-22388248C95A}</UniqueIdentifier>
    </Filter>
    <Filter Include="third_party\src\glad">
      <UniqueIdentifier>{70FF923D-ADB5-3555-8BAE-79614494C223}</UniqueIdentifier>
    </Filter>
    <Filter Include="third_party\src\glad\include">
      <UniqueIdentifier>{AAA403DE-73D2-3FFD-B9A9-84C7D9DCA666}</UniqueIdentifier>
    </Filter>
    <Filter Include="third_party\src\glad\include\glad">
      <UniqueIdentifier>{5E986F83-E6DE-34EC-9F4A-01AE960070FD}</UniqueIdentifier>
    </Filter>
    <Filter Include="third_party\src\glad\src">
      <UniqueIdentifier>{1D0FA27B-2024-3263-8638-930E6FB3C216}</UniqueIdentifier>
    </Filter>
    <Filter Include="third_party\src\imgui">
      <UniqueIdentifier>{2E56F553-004B-31F7-AA2F-681EF1A278B1}</UniqueIdentifier>
    </Filter>
    <Filter Include="third_party\src\jpeg">
      <UniqueIdentifier>{312ABDA8-DDF9-3CC1-9272-A773C40C22F0}</UniqueIdentifier>
    </Filter>
    <Filter Include="third_party\src\lodepng">
      <UniqueIdentifier>{284FBF2D-FA47-3CD6-A4BB-13A90116F153}</UniqueIdentifier>
    </Filter>
    <Filter Include="third_party\src\simplexnoise">
      <UniqueIdentifier>{E55B1416-26D3-3DE9-9600-E694130394C0}</UniqueIdentifier>
    </Filter>
  </ItemGroup>
</Project>
